Microsoft Visual Studio Solution File, Format Version 11.00
# Visual Studio 2008

Project("{95066820-845D-0DD0-4307-30E7D3E868A3}") = "DragonsRise", "Assembly-CSharp.csproj", "{EE7EB13A-9810-1CF0-DF06-0334C06053C6}"
EndProject
Global
	GlobalSection(SolutionConfigurationPlatforms) = preSolution
		Debug|Any CPU = Debug|Any CPU
		Release|Any CPU = Release|Any CPU
	EndGlobalSection
	GlobalSection(ProjectConfigurationPlatforms) = postSolution
		{EE7EB13A-9810-1CF0-DF06-0334C06053C6}.Debug|Any CPU.ActiveCfg = Debug|Any CPU
		{EE7EB13A-9810-1CF0-DF06-0334C06053C6}.Debug|Any CPU.Build.0 = Debug|Any CPU
		{EE7EB13A-9810-1CF0-DF06-0334C06053C6}.Release|Any CPU.ActiveCfg = Release|Any CPU
		{EE7EB13A-9810-1CF0-DF06-0334C06053C6}.Release|Any CPU.Build.0 = Release|Any CPU
	EndGlobalSection
	GlobalSection(SolutionProperties) = preSolution
		HideSolutionNode = FALSE
	EndGlobalSection
	GlobalSection(MonoDevelopProperties) = preSolution
		StartupItem = Assembly-CSharp.csproj
	EndGlobalSection
EndGlobal
