Microsoft Visual Studio Solution File, Format Version 11.00
# Visual Studio 2008

Project("{AC6BBF63-806D-1518-3119-A051AD7E8F25}") = "GitDragon", "Assembly-CSharp.csproj", "{A3CF1A04-1653-A5A7-2649-E5DCF376E696}"
EndProject
Global
	GlobalSection(SolutionConfigurationPlatforms) = preSolution
		Debug|Any CPU = Debug|Any CPU
		Release|Any CPU = Release|Any CPU
	EndGlobalSection
	GlobalSection(ProjectConfigurationPlatforms) = postSolution
		{A3CF1A04-1653-A5A7-2649-E5DCF376E696}.Debug|Any CPU.ActiveCfg = Debug|Any CPU
		{A3CF1A04-1653-A5A7-2649-E5DCF376E696}.Debug|Any CPU.Build.0 = Debug|Any CPU
		{A3CF1A04-1653-A5A7-2649-E5DCF376E696}.Release|Any CPU.ActiveCfg = Release|Any CPU
		{A3CF1A04-1653-A5A7-2649-E5DCF376E696}.Release|Any CPU.Build.0 = Release|Any CPU
	EndGlobalSection
	GlobalSection(SolutionProperties) = preSolution
		HideSolutionNode = FALSE
	EndGlobalSection
	GlobalSection(MonoDevelopProperties) = preSolution
		StartupItem = Assembly-CSharp.csproj
	EndGlobalSection
EndGlobal
